
Microsoft Visual Studio Solution File, Format Version 12.00
# Visual Studio Version 17
VisualStudioVersion = 17.9.34607.119
MinimumVisualStudioVersion = 10.0.40219.1
Project("{9A19103F-16F7-4668-BE54-9A1E7A4F7556}") = "Weather", "Weather\Weather.csproj", "{0B641453-25D5-4CC3-AEDC-239B27569142}"
EndProject
Global
	GlobalSection(SolutionConfigurationPlatforms) = preSolution
		Debug|Any CPU = Debug|Any CPU
		Release|Any CPU = Release|Any CPU
	EndGlobalSection
	GlobalSection(ProjectConfigurationPlatforms) = postSolution
		{0B641453-25D5-4CC3-AEDC-239B27569142}.Debug|Any CPU.ActiveCfg = Debug|Any CPU
		{0B641453-25D5-4CC3-AEDC-239B27569142}.Debug|Any CPU.Build.0 = Debug|Any CPU
		{0B641453-25D5-4CC3-AEDC-239B27569142}.Release|Any CPU.ActiveCfg = Release|Any CPU
		{0B641453-25D5-4CC3-AEDC-239B27569142}.Release|Any CPU.Build.0 = Release|Any CPU
	EndGlobalSection
	GlobalSection(SolutionProperties) = preSolution
		HideSolutionNode = FALSE
	EndGlobalSection
	GlobalSection(ExtensibilityGlobals) = postSolution
		SolutionGuid = {8C184EC4-D11B-4387-9AF3-84345E8699A6}
	EndGlobalSection
EndGlobal
